{
  "version": 4,
  "terraform_version": "1.10.1",
  "serial": 13,
  "lineage": "d833c268-794b-463e-e668-f4cc51b7a5cf",
  "outputs": {},
  "resources": [
    {
      "mode": "data",
      "type": "azurerm_client_config",
      "name": "example",
      "provider": "provider[\"registry.terraform.io/hashicorp/azurerm\"]",
      "instances": [
        {
          "schema_version": 0,
          "attributes": {
            "client_id": "04b07795-8ddb-461a-bbee-02f9e1bf7b46",
            "id": "Y2xpZW50Q29uZmlncy9jbGllbnRJZD0wNGIwNzc5NS04ZGRiLTQ2MWEtYmJlZS0wMmY5ZTFiZjdiNDY7b2JqZWN0SWQ9NGE1MmJmODItOWNkZS00NDQ3LWFiZjgtNTJhMDFkMDMzMmI4O3N1YnNjcmlwdGlvbklkPTZjYmU1NDc3LTY4ODUtNGVhMy1hNTYzLWViZGI3YmZmYjY0ZDt0ZW5hbnRJZD00MGE2ZWU0OC00ODE1LTQwZjUtOTE0Ni05MGVhNTc1MzAwMDU=",
            "object_id": "4a52bf82-9cde-4447-abf8-52a01d0332b8",
            "subscription_id": "6cbe5477-6885-4ea3-a563-ebdb7bffb64d",
            "tenant_id": "40a6ee48-4815-40f5-9146-90ea57530005",
            "timeouts": null
          },
          "sensitive_attributes": []
        }
      ]
    },
    {
      "mode": "data",
      "type": "azurerm_subscriptions",
      "name": "mpn",
      "provider": "provider[\"registry.terraform.io/hashicorp/azurerm\"]",
      "instances": [
        {
          "schema_version": 0,
          "attributes": {
            "display_name_contains": "MPN",
            "display_name_prefix": null,
            "id": "subscriptions-40a6ee48-4815-40f5-9146-90ea57530005",
            "subscriptions": [
              {
                "display_name": "Assinatura do Visual Studio Enterprise – MPN",
                "id": "/subscriptions/6cbe5477-6885-4ea3-a563-ebdb7bffb64d",
                "location_placement_id": "Public_2014-09-01",
                "quota_id": "MSDN_2014-09-01",
                "spending_limit": "On",
                "state": "Disabled",
                "subscription_id": "6cbe5477-6885-4ea3-a563-ebdb7bffb64d",
                "tags": {},
                "tenant_id": "40a6ee48-4815-40f5-9146-90ea57530005"
              },
              {
                "display_name": "Assinatura do Visual Studio Enterprise – MPN",
                "id": "/subscriptions/73d60125-0af1-4a89-af36-079e865a9195",
                "location_placement_id": "Public_2014-09-01",
                "quota_id": "MSDN_2014-09-01",
                "spending_limit": "On",
                "state": "Enabled",
                "subscription_id": "73d60125-0af1-4a89-af36-079e865a9195",
                "tags": {},
                "tenant_id": "40a6ee48-4815-40f5-9146-90ea57530005"
              }
            ],
            "timeouts": null
          },
          "sensitive_attributes": []
        }
      ]
    },
    {
      "mode": "managed",
      "type": "azurerm_role_assignment",
      "name": "example",
      "provider": "provider[\"registry.terraform.io/hashicorp/azurerm\"]",
      "instances": [
        {
          "schema_version": 0,
          "attributes": {
            "condition": "",
            "condition_version": "",
            "delegated_managed_identity_resource_id": "",
            "description": "",
            "id": "/subscriptions/73d60125-0af1-4a89-af36-079e865a9195/providers/Microsoft.Authorization/roleAssignments/a67f86eb-527a-b8f9-9f5b-660179e1cc4b",
            "name": "a67f86eb-527a-b8f9-9f5b-660179e1cc4b",
            "principal_id": "4a52bf82-9cde-4447-abf8-52a01d0332b8",
            "principal_type": "User",
            "role_definition_id": "/subscriptions/73d60125-0af1-4a89-af36-079e865a9195/providers/Microsoft.Authorization/roleDefinitions/acdd72a7-3385-48ef-bd42-f606fba81ae7",
            "role_definition_name": "Reader",
            "scope": "/subscriptions/73d60125-0af1-4a89-af36-079e865a9195",
            "skip_service_principal_aad_check": null,
            "timeouts": null
          },
          "sensitive_attributes": [],
          "private": "eyJlMmJmYjczMC1lY2FhLTExZTYtOGY4OC0zNDM2M2JjN2M0YzAiOnsiY3JlYXRlIjoxODAwMDAwMDAwMDAwLCJkZWxldGUiOjE4MDAwMDAwMDAwMDAsInJlYWQiOjMwMDAwMDAwMDAwMH19",
          "dependencies": [
            "data.azurerm_client_config.example",
            "data.azurerm_subscriptions.mpn"
          ]
        }
      ]
    },
    {
      "module": "module.testegrupos",
      "mode": "data",
      "type": "external",
      "name": "verify_group_exists",
      "provider": "provider[\"registry.terraform.io/hashicorp/external\"]",
      "instances": [
        {
          "index_key": "grupoterraformteste",
          "schema_version": 0,
          "attributes": {
            "id": "-",
            "program": [
              "Powershell.exe",
              "../../modules/Seguranca/verify_groups.ps1"
            ],
            "query": {
              "group_name": "grupoterraformteste"
            },
            "result": {
              "exists": "false",
              "object_id": ""
            },
            "working_dir": null
          },
          "sensitive_attributes": []
        },
        {
          "index_key": "grupoterraformteste2",
          "schema_version": 0,
          "attributes": {
            "id": "-",
            "program": [
              "Powershell.exe",
              "../../modules/Seguranca/verify_groups.ps1"
            ],
            "query": {
              "group_name": "grupoterraformteste2"
            },
            "result": {
              "exists": "false",
              "object_id": ""
            },
            "working_dir": null
          },
          "sensitive_attributes": []
        }
      ]
    },
    {
      "module": "module.testegrupos.module.identity-assign-user-group[\"grupoterraformteste.mathias@hiper.com.br\"]",
      "mode": "data",
      "type": "azuread_user",
      "name": "user_object",
      "provider": "provider[\"registry.terraform.io/hashicorp/azuread\"]",
      "instances": [
        {
          "schema_version": 0,
          "attributes": {
            "account_enabled": true,
            "age_group": "Undefined",
            "business_phones": [],
            "city": "",
            "company_name": "",
            "consent_provided_for_minor": "",
            "cost_center": null,
            "country": "BR",
            "creation_type": "EmailVerified",
            "department": "Tecnologia",
            "display_name": "Mathias Kunz",
            "division": null,
            "employee_id": "",
            "employee_type": "",
            "external_user_state": "",
            "fax_number": "",
            "given_name": "Mathias",
            "id": "4a52bf82-9cde-4447-abf8-52a01d0332b8",
            "im_addresses": [
              "mathias@hiper.com.br"
            ],
            "job_title": "Analista de Infraestrutura Cloud",
            "mail": "mathias@hiper.com.br",
            "mail_nickname": "mathias",
            "manager_id": "",
            "mobile_phone": "",
            "object_id": "4a52bf82-9cde-4447-abf8-52a01d0332b8",
            "office_location": "",
            "onpremises_distinguished_name": "",
            "onpremises_domain_name": "",
            "onpremises_immutable_id": "",
            "onpremises_sam_account_name": "",
            "onpremises_security_identifier": "",
            "onpremises_sync_enabled": false,
            "onpremises_user_principal_name": "",
            "other_mails": [
              "valsionir@hiper.com.br"
            ],
            "postal_code": "",
            "preferred_language": "en-US",
            "proxy_addresses": [
              "SMTP:mathias@hiper.com.br"
            ],
            "show_in_address_list": false,
            "state": "",
            "street_address": "",
            "surname": "Kunz",
            "timeouts": null,
            "usage_location": "BR",
            "user_principal_name": "mathias@hiper.com.br",
            "user_type": "Member"
          },
          "sensitive_attributes": []
        }
      ]
    },
    {
      "module": "module.testegrupos.module.identity-assign-user-group[\"grupoterraformteste.mathias@hiper.com.br\"]",
      "mode": "managed",
      "type": "azuread_group_member",
      "name": "grupo_membro",
      "provider": "provider[\"registry.terraform.io/hashicorp/azuread\"]",
      "instances": [
        {
          "schema_version": 0,
          "attributes": {
            "group_object_id": "321ae536-b2b7-4ff6-94ed-5f577d5808d2",
            "id": "321ae536-b2b7-4ff6-94ed-5f577d5808d2/member/4a52bf82-9cde-4447-abf8-52a01d0332b8",
            "member_object_id": "4a52bf82-9cde-4447-abf8-52a01d0332b8",
            "timeouts": null
          },
          "sensitive_attributes": [],
          "private": "eyJlMmJmYjczMC1lY2FhLTExZTYtOGY4OC0zNDM2M2JjN2M0YzAiOnsiY3JlYXRlIjozMDAwMDAwMDAwMDAsImRlbGV0ZSI6MzAwMDAwMDAwMDAwLCJyZWFkIjozMDAwMDAwMDAwMDAsInVwZGF0ZSI6MzAwMDAwMDAwMDAwfX0=",
          "dependencies": [
            "module.testegrupos.data.external.verify_group_exists",
            "module.testegrupos.module.identity-assign-user-group.data.azuread_user.user_object",
            "module.testegrupos.module.identity-group.azuread_group.grupo"
          ]
        }
      ]
    },
    {
      "module": "module.testegrupos.module.identity-assign-user-group[\"grupoterraformteste.vitor.soberanski@hiper.com.br\"]",
      "mode": "data",
      "type": "azuread_user",
      "name": "user_object",
      "provider": "provider[\"registry.terraform.io/hashicorp/azuread\"]",
      "instances": [
        {
          "schema_version": 0,
          "attributes": {
            "account_enabled": true,
            "age_group": "Undefined",
            "business_phones": [],
            "city": "",
            "company_name": "",
            "consent_provided_for_minor": "",
            "cost_center": null,
            "country": "BR",
            "creation_type": "EmailVerified",
            "department": "Infraestrutura Cloud",
            "display_name": "Vitor soberanski",
            "division": null,
            "employee_id": "",
            "employee_type": "",
            "external_user_state": "",
            "fax_number": "",
            "given_name": "Vitor",
            "id": "34e6ba14-8915-466a-bc6b-eede594fe2f5",
            "im_addresses": [
              "vitor.soberanski@hiper.com.br"
            ],
            "job_title": "Analista de Infraestrutura Cloud",
            "mail": "vitor.soberanski@hiper.com.br",
            "mail_nickname": "vitor.soberanski",
            "manager_id": "",
            "mobile_phone": "",
            "object_id": "34e6ba14-8915-466a-bc6b-eede594fe2f5",
            "office_location": "",
            "onpremises_distinguished_name": "",
            "onpremises_domain_name": "",
            "onpremises_immutable_id": "",
            "onpremises_sam_account_name": "",
            "onpremises_security_identifier": "",
            "onpremises_sync_enabled": false,
            "onpremises_user_principal_name": "",
            "other_mails": [
              "vitor.soberanski@hiper.com.br"
            ],
            "postal_code": "",
            "preferred_language": "pt-BR",
            "proxy_addresses": [
              "SMTP:vitor.soberanski@hiper.com.br"
            ],
            "show_in_address_list": false,
            "state": "",
            "street_address": "",
            "surname": "soberanski",
            "timeouts": null,
            "usage_location": "BR",
            "user_principal_name": "vitor.soberanski@hiper.com.br",
            "user_type": "Member"
          },
          "sensitive_attributes": []
        }
      ]
    },
    {
      "module": "module.testegrupos.module.identity-assign-user-group[\"grupoterraformteste.vitor.soberanski@hiper.com.br\"]",
      "mode": "managed",
      "type": "azuread_group_member",
      "name": "grupo_membro",
      "provider": "provider[\"registry.terraform.io/hashicorp/azuread\"]",
      "instances": [
        {
          "schema_version": 0,
          "attributes": {
            "group_object_id": "321ae536-b2b7-4ff6-94ed-5f577d5808d2",
            "id": "321ae536-b2b7-4ff6-94ed-5f577d5808d2/member/34e6ba14-8915-466a-bc6b-eede594fe2f5",
            "member_object_id": "34e6ba14-8915-466a-bc6b-eede594fe2f5",
            "timeouts": null
          },
          "sensitive_attributes": [],
          "private": "eyJlMmJmYjczMC1lY2FhLTExZTYtOGY4OC0zNDM2M2JjN2M0YzAiOnsiY3JlYXRlIjozMDAwMDAwMDAwMDAsImRlbGV0ZSI6MzAwMDAwMDAwMDAwLCJyZWFkIjozMDAwMDAwMDAwMDAsInVwZGF0ZSI6MzAwMDAwMDAwMDAwfX0=",
          "dependencies": [
            "module.testegrupos.data.external.verify_group_exists",
            "module.testegrupos.module.identity-assign-user-group.data.azuread_user.user_object",
            "module.testegrupos.module.identity-group.azuread_group.grupo"
          ]
        }
      ]
    },
    {
      "module": "module.testegrupos.module.identity-assign-user-group[\"grupoterraformteste2.mathias@hiper.com.br\"]",
      "mode": "data",
      "type": "azuread_user",
      "name": "user_object",
      "provider": "provider[\"registry.terraform.io/hashicorp/azuread\"]",
      "instances": [
        {
          "schema_version": 0,
          "attributes": {
            "account_enabled": true,
            "age_group": "Undefined",
            "business_phones": [],
            "city": "",
            "company_name": "",
            "consent_provided_for_minor": "",
            "cost_center": null,
            "country": "BR",
            "creation_type": "EmailVerified",
            "department": "Tecnologia",
            "display_name": "Mathias Kunz",
            "division": null,
            "employee_id": "",
            "employee_type": "",
            "external_user_state": "",
            "fax_number": "",
            "given_name": "Mathias",
            "id": "4a52bf82-9cde-4447-abf8-52a01d0332b8",
            "im_addresses": [
              "mathias@hiper.com.br"
            ],
            "job_title": "Analista de Infraestrutura Cloud",
            "mail": "mathias@hiper.com.br",
            "mail_nickname": "mathias",
            "manager_id": "",
            "mobile_phone": "",
            "object_id": "4a52bf82-9cde-4447-abf8-52a01d0332b8",
            "office_location": "",
            "onpremises_distinguished_name": "",
            "onpremises_domain_name": "",
            "onpremises_immutable_id": "",
            "onpremises_sam_account_name": "",
            "onpremises_security_identifier": "",
            "onpremises_sync_enabled": false,
            "onpremises_user_principal_name": "",
            "other_mails": [
              "valsionir@hiper.com.br"
            ],
            "postal_code": "",
            "preferred_language": "en-US",
            "proxy_addresses": [
              "SMTP:mathias@hiper.com.br"
            ],
            "show_in_address_list": false,
            "state": "",
            "street_address": "",
            "surname": "Kunz",
            "timeouts": null,
            "usage_location": "BR",
            "user_principal_name": "mathias@hiper.com.br",
            "user_type": "Member"
          },
          "sensitive_attributes": []
        }
      ]
    },
    {
      "module": "module.testegrupos.module.identity-assign-user-group[\"grupoterraformteste2.mathias@hiper.com.br\"]",
      "mode": "managed",
      "type": "azuread_group_member",
      "name": "grupo_membro",
      "provider": "provider[\"registry.terraform.io/hashicorp/azuread\"]",
      "instances": [
        {
          "schema_version": 0,
          "attributes": {
            "group_object_id": "8e46002d-a65e-4b46-915d-7b5589762eff",
            "id": "8e46002d-a65e-4b46-915d-7b5589762eff/member/4a52bf82-9cde-4447-abf8-52a01d0332b8",
            "member_object_id": "4a52bf82-9cde-4447-abf8-52a01d0332b8",
            "timeouts": null
          },
          "sensitive_attributes": [],
          "private": "eyJlMmJmYjczMC1lY2FhLTExZTYtOGY4OC0zNDM2M2JjN2M0YzAiOnsiY3JlYXRlIjozMDAwMDAwMDAwMDAsImRlbGV0ZSI6MzAwMDAwMDAwMDAwLCJyZWFkIjozMDAwMDAwMDAwMDAsInVwZGF0ZSI6MzAwMDAwMDAwMDAwfX0=",
          "dependencies": [
            "module.testegrupos.data.external.verify_group_exists",
            "module.testegrupos.module.identity-assign-user-group.data.azuread_user.user_object",
            "module.testegrupos.module.identity-group.azuread_group.grupo"
          ]
        }
      ]
    },
    {
      "module": "module.testegrupos.module.identity-assign-user-group[\"grupoterraformteste2.vitor.soberanski@hiper.com.br\"]",
      "mode": "data",
      "type": "azuread_user",
      "name": "user_object",
      "provider": "provider[\"registry.terraform.io/hashicorp/azuread\"]",
      "instances": [
        {
          "schema_version": 0,
          "attributes": {
            "account_enabled": true,
            "age_group": "Undefined",
            "business_phones": [],
            "city": "",
            "company_name": "",
            "consent_provided_for_minor": "",
            "cost_center": null,
            "country": "BR",
            "creation_type": "EmailVerified",
            "department": "Infraestrutura Cloud",
            "display_name": "Vitor soberanski",
            "division": null,
            "employee_id": "",
            "employee_type": "",
            "external_user_state": "",
            "fax_number": "",
            "given_name": "Vitor",
            "id": "34e6ba14-8915-466a-bc6b-eede594fe2f5",
            "im_addresses": [
              "vitor.soberanski@hiper.com.br"
            ],
            "job_title": "Analista de Infraestrutura Cloud",
            "mail": "vitor.soberanski@hiper.com.br",
            "mail_nickname": "vitor.soberanski",
            "manager_id": "",
            "mobile_phone": "",
            "object_id": "34e6ba14-8915-466a-bc6b-eede594fe2f5",
            "office_location": "",
            "onpremises_distinguished_name": "",
            "onpremises_domain_name": "",
            "onpremises_immutable_id": "",
            "onpremises_sam_account_name": "",
            "onpremises_security_identifier": "",
            "onpremises_sync_enabled": false,
            "onpremises_user_principal_name": "",
            "other_mails": [
              "vitor.soberanski@hiper.com.br"
            ],
            "postal_code": "",
            "preferred_language": "pt-BR",
            "proxy_addresses": [
              "SMTP:vitor.soberanski@hiper.com.br"
            ],
            "show_in_address_list": false,
            "state": "",
            "street_address": "",
            "surname": "soberanski",
            "timeouts": null,
            "usage_location": "BR",
            "user_principal_name": "vitor.soberanski@hiper.com.br",
            "user_type": "Member"
          },
          "sensitive_attributes": []
        }
      ]
    },
    {
      "module": "module.testegrupos.module.identity-assign-user-group[\"grupoterraformteste2.vitor.soberanski@hiper.com.br\"]",
      "mode": "managed",
      "type": "azuread_group_member",
      "name": "grupo_membro",
      "provider": "provider[\"registry.terraform.io/hashicorp/azuread\"]",
      "instances": [
        {
          "schema_version": 0,
          "attributes": {
            "group_object_id": "8e46002d-a65e-4b46-915d-7b5589762eff",
            "id": "8e46002d-a65e-4b46-915d-7b5589762eff/member/34e6ba14-8915-466a-bc6b-eede594fe2f5",
            "member_object_id": "34e6ba14-8915-466a-bc6b-eede594fe2f5",
            "timeouts": null
          },
          "sensitive_attributes": [],
          "private": "eyJlMmJmYjczMC1lY2FhLTExZTYtOGY4OC0zNDM2M2JjN2M0YzAiOnsiY3JlYXRlIjozMDAwMDAwMDAwMDAsImRlbGV0ZSI6MzAwMDAwMDAwMDAwLCJyZWFkIjozMDAwMDAwMDAwMDAsInVwZGF0ZSI6MzAwMDAwMDAwMDAwfX0=",
          "dependencies": [
            "module.testegrupos.data.external.verify_group_exists",
            "module.testegrupos.module.identity-assign-user-group.data.azuread_user.user_object",
            "module.testegrupos.module.identity-group.azuread_group.grupo"
          ]
        }
      ]
    },
    {
      "module": "module.testegrupos.module.identity-group[\"grupoterraformteste\"]",
      "mode": "managed",
      "type": "azuread_group",
      "name": "grupo",
      "provider": "provider[\"registry.terraform.io/hashicorp/azuread\"]",
      "instances": [
        {
          "index_key": 0,
          "schema_version": 0,
          "attributes": {
            "administrative_unit_ids": null,
            "assignable_to_role": false,
            "auto_subscribe_new_members": false,
            "behaviors": null,
            "description": "",
            "display_name": "grupoterraformteste",
            "dynamic_membership": [],
            "external_senders_allowed": false,
            "hide_from_address_lists": false,
            "hide_from_outlook_clients": false,
            "id": "321ae536-b2b7-4ff6-94ed-5f577d5808d2",
            "mail": "",
            "mail_enabled": false,
            "mail_nickname": "a5ae3d44-1",
            "members": [],
            "object_id": "321ae536-b2b7-4ff6-94ed-5f577d5808d2",
            "onpremises_domain_name": "",
            "onpremises_group_type": "",
            "onpremises_netbios_name": "",
            "onpremises_sam_account_name": "",
            "onpremises_security_identifier": "",
            "onpremises_sync_enabled": false,
            "owners": [
              "4a52bf82-9cde-4447-abf8-52a01d0332b8"
            ],
            "preferred_language": "",
            "prevent_duplicate_names": false,
            "provisioning_options": null,
            "proxy_addresses": [],
            "security_enabled": true,
            "theme": "",
            "timeouts": null,
            "types": null,
            "visibility": "",
            "writeback_enabled": false
          },
          "sensitive_attributes": [],
          "private": "eyJlMmJmYjczMC1lY2FhLTExZTYtOGY4OC0zNDM2M2JjN2M0YzAiOnsiY3JlYXRlIjoxMjAwMDAwMDAwMDAwLCJkZWxldGUiOjMwMDAwMDAwMDAwMCwicmVhZCI6MzAwMDAwMDAwMDAwLCJ1cGRhdGUiOjEyMDAwMDAwMDAwMDB9fQ==",
          "dependencies": [
            "module.testegrupos.data.external.verify_group_exists"
          ]
        }
      ]
    },
    {
      "module": "module.testegrupos.module.identity-group[\"grupoterraformteste2\"]",
      "mode": "managed",
      "type": "azuread_group",
      "name": "grupo",
      "provider": "provider[\"registry.terraform.io/hashicorp/azuread\"]",
      "instances": [
        {
          "index_key": 0,
          "schema_version": 0,
          "attributes": {
            "administrative_unit_ids": null,
            "assignable_to_role": false,
            "auto_subscribe_new_members": false,
            "behaviors": null,
            "description": "",
            "display_name": "grupoterraformteste2",
            "dynamic_membership": [],
            "external_senders_allowed": false,
            "hide_from_address_lists": false,
            "hide_from_outlook_clients": false,
            "id": "8e46002d-a65e-4b46-915d-7b5589762eff",
            "mail": "",
            "mail_enabled": false,
            "mail_nickname": "d6500b11-3",
            "members": [],
            "object_id": "8e46002d-a65e-4b46-915d-7b5589762eff",
            "onpremises_domain_name": "",
            "onpremises_group_type": "",
            "onpremises_netbios_name": "",
            "onpremises_sam_account_name": "",
            "onpremises_security_identifier": "",
            "onpremises_sync_enabled": false,
            "owners": [
              "4a52bf82-9cde-4447-abf8-52a01d0332b8"
            ],
            "preferred_language": "",
            "prevent_duplicate_names": false,
            "provisioning_options": null,
            "proxy_addresses": [],
            "security_enabled": true,
            "theme": "",
            "timeouts": null,
            "types": null,
            "visibility": "",
            "writeback_enabled": false
          },
          "sensitive_attributes": [],
          "private": "eyJlMmJmYjczMC1lY2FhLTExZTYtOGY4OC0zNDM2M2JjN2M0YzAiOnsiY3JlYXRlIjoxMjAwMDAwMDAwMDAwLCJkZWxldGUiOjMwMDAwMDAwMDAwMCwicmVhZCI6MzAwMDAwMDAwMDAwLCJ1cGRhdGUiOjEyMDAwMDAwMDAwMDB9fQ==",
          "dependencies": [
            "module.testegrupos.data.external.verify_group_exists"
          ]
        }
      ]
    }
  ],
  "check_results": null
}
