{
  "version": 4,
  "terraform_version": "1.10.1",
  "serial": 1,
  "lineage": "1ae1cecc-2674-c506-a768-7fab0333fc96",
  "outputs": {},
  "resources": [
    {
      "module": "module.pdz-registro",
      "mode": "data",
      "type": "azurerm_private_dns_zone",
      "name": "zone",
      "provider": "provider[\"registry.terraform.io/hashicorp/azurerm\"]",
      "instances": [
        {
          "schema_version": 0,
          "attributes": {
            "id": "/subscriptions/6cbe5477-6885-4ea3-a563-ebdb7bffb64d/resourceGroups/rg-testeterraform/providers/Microsoft.Network/privateDnsZones/testeterraform.teste",
            "max_number_of_record_sets": 25000,
            "max_number_of_virtual_network_links": 1000,
            "max_number_of_virtual_network_links_with_registration": 100,
            "name": "testeterraform.teste",
            "number_of_record_sets": 1,
            "resource_group_name": "rg-testeterraform",
            "tags": {},
            "timeouts": null
          },
          "sensitive_attributes": []
        }
      ]
    },
    {
      "module": "module.pdz-registro",
      "mode": "data",
      "type": "azurerm_resource_group",
      "name": "rg-zone",
      "provider": "provider[\"registry.terraform.io/hashicorp/azurerm\"]",
      "instances": [
        {
          "schema_version": 0,
          "attributes": {
            "id": "/subscriptions/6cbe5477-6885-4ea3-a563-ebdb7bffb64d/resourceGroups/rg-testeterraform",
            "location": "eastus",
            "managed_by": "",
            "name": "rg-testeterraform",
            "tags": {},
            "timeouts": null
          },
          "sensitive_attributes": []
        }
      ]
    },
    {
      "module": "module.pdz-registro",
      "mode": "managed",
      "type": "azurerm_private_dns_a_record",
      "name": "example",
      "provider": "provider[\"registry.terraform.io/hashicorp/azurerm\"]",
      "instances": [
        {
          "schema_version": 0,
          "attributes": {
            "fqdn": "teste.testeterraform.teste.",
            "id": "/subscriptions/6cbe5477-6885-4ea3-a563-ebdb7bffb64d/resourceGroups/rg-testeterraform/providers/Microsoft.Network/privateDnsZones/testeterraform.teste/A/teste",
            "name": "teste",
            "records": [
              "10.0.180.17"
            ],
            "resource_group_name": "rg-testeterraform",
            "tags": null,
            "timeouts": null,
            "ttl": 300,
            "zone_name": "testeterraform.teste"
          },
          "sensitive_attributes": [],
          "private": "eyJlMmJmYjczMC1lY2FhLTExZTYtOGY4OC0zNDM2M2JjN2M0YzAiOnsiY3JlYXRlIjoxODAwMDAwMDAwMDAwLCJkZWxldGUiOjE4MDAwMDAwMDAwMDAsInJlYWQiOjMwMDAwMDAwMDAwMCwidXBkYXRlIjoxODAwMDAwMDAwMDAwfX0=",
          "dependencies": [
            "module.pdz-registro.data.azurerm_private_dns_zone.zone",
            "module.pdz-registro.data.azurerm_resource_group.rg-zone"
          ]
        }
      ]
    }
  ],
  "check_results": null
}
